
Microsoft Visual Studio Solution File, Format Version 12.00
# Visual Studio 2012
Project("{FAE04EC0-301F-11D3-BF4B-00C04F79EFBC}") = "FootballStats", "FootballStats\FootballStats.csproj", "{A70C8409-B156-467F-890F-66838381CFDF}"
EndProject
Global
	GlobalSection(SolutionConfigurationPlatforms) = preSolution
		Debug|Any CPU = Debug|Any CPU
		Release|Any CPU = Release|Any CPU
	EndGlobalSection
	GlobalSection(ProjectConfigurationPlatforms) = postSolution
		{A70C8409-B156-467F-890F-66838381CFDF}.Debug|Any CPU.ActiveCfg = Debug|Any CPU
		{A70C8409-B156-467F-890F-66838381CFDF}.Debug|Any CPU.Build.0 = Debug|Any CPU
		{A70C8409-B156-467F-890F-66838381CFDF}.Release|Any CPU.ActiveCfg = Release|Any CPU
		{A70C8409-B156-467F-890F-66838381CFDF}.Release|Any CPU.Build.0 = Release|Any CPU
	EndGlobalSection
	GlobalSection(SolutionProperties) = preSolution
		HideSolutionNode = FALSE
	EndGlobalSection
EndGlobal
