
Microsoft Visual Studio Solution File, Format Version 12.00
# Visual Studio 2012
Project("{FAE04EC0-301F-11D3-BF4B-00C04F79EFBC}") = "TestProject", "TestProject\TestProject.csproj", "{DCBED3B8-6278-4146-B573-54A73713BB20}"
EndProject
Global
	GlobalSection(SolutionConfigurationPlatforms) = preSolution
		Debug|Any CPU = Debug|Any CPU
		Release|Any CPU = Release|Any CPU
	EndGlobalSection
	GlobalSection(ProjectConfigurationPlatforms) = postSolution
		{DCBED3B8-6278-4146-B573-54A73713BB20}.Debug|Any CPU.ActiveCfg = Debug|Any CPU
		{DCBED3B8-6278-4146-B573-54A73713BB20}.Debug|Any CPU.Build.0 = Debug|Any CPU
		{DCBED3B8-6278-4146-B573-54A73713BB20}.Release|Any CPU.ActiveCfg = Release|Any CPU
		{DCBED3B8-6278-4146-B573-54A73713BB20}.Release|Any CPU.Build.0 = Release|Any CPU
	EndGlobalSection
	GlobalSection(SolutionProperties) = preSolution
		HideSolutionNode = FALSE
	EndGlobalSection
EndGlobal
