
Microsoft Visual Studio Solution File, Format Version 12.00
# Visual Studio 2012
Project("{FAE04EC0-301F-11D3-BF4B-00C04F79EFBC}") = "TestCommit.cs", "TestCommit.cs\TestCommit.cs.csproj", "{A932DA38-AFD7-426F-9CD7-58FB2C1C7911}"
EndProject
Global
	GlobalSection(SolutionConfigurationPlatforms) = preSolution
		Debug|Any CPU = Debug|Any CPU
		Release|Any CPU = Release|Any CPU
	EndGlobalSection
	GlobalSection(ProjectConfigurationPlatforms) = postSolution
		{A932DA38-AFD7-426F-9CD7-58FB2C1C7911}.Debug|Any CPU.ActiveCfg = Debug|Any CPU
		{A932DA38-AFD7-426F-9CD7-58FB2C1C7911}.Debug|Any CPU.Build.0 = Debug|Any CPU
		{A932DA38-AFD7-426F-9CD7-58FB2C1C7911}.Release|Any CPU.ActiveCfg = Release|Any CPU
		{A932DA38-AFD7-426F-9CD7-58FB2C1C7911}.Release|Any CPU.Build.0 = Release|Any CPU
	EndGlobalSection
	GlobalSection(SolutionProperties) = preSolution
		HideSolutionNode = FALSE
	EndGlobalSection
EndGlobal
